
Microsoft Visual Studio Solution File, Format Version 12.00
# Visual Studio Version 17
VisualStudioVersion = 17.5.33530.505
MinimumVisualStudioVersion = 10.0.40219.1
Project("{9A19103F-16F7-4668-BE54-9A1E7A4F7556}") = "MindMission.API", "MindMission\MindMission.API.csproj", "{1F42E190-428D-455F-BE9E-2449F2B8EDA8}"
EndProject
Project("{9A19103F-16F7-4668-BE54-9A1E7A4F7556}") = "MindMission.Domain", "MindMission.Domain\MindMission.Domain.csproj", "{ADE9B469-AD9A-4C8A-A7B5-0A74A37389F9}"
EndProject
Project("{9A19103F-16F7-4668-BE54-9A1E7A4F7556}") = "MindMission.Infrastructure", "MindMission.Infrastructure\MindMission.Infrastructure.csproj", "{7A29CBF1-3E8C-4406-AB35-0FB897C15742}"
EndProject
Project("{9A19103F-16F7-4668-BE54-9A1E7A4F7556}") = "MindMission.Application", "MindMission.Application\MindMission.Application.csproj", "{DF23C0FD-935F-45D6-96A4-0278DDFDBAC4}"
EndProject
Global
	GlobalSection(SolutionConfigurationPlatforms) = preSolution
		Debug|Any CPU = Debug|Any CPU
		Release|Any CPU = Release|Any CPU
	EndGlobalSection
	GlobalSection(ProjectConfigurationPlatforms) = postSolution
		{1F42E190-428D-455F-BE9E-2449F2B8EDA8}.Debug|Any CPU.ActiveCfg = Debug|Any CPU
		{1F42E190-428D-455F-BE9E-2449F2B8EDA8}.Debug|Any CPU.Build.0 = Debug|Any CPU
		{1F42E190-428D-455F-BE9E-2449F2B8EDA8}.Release|Any CPU.ActiveCfg = Release|Any CPU
		{1F42E190-428D-455F-BE9E-2449F2B8EDA8}.Release|Any CPU.Build.0 = Release|Any CPU
		{ADE9B469-AD9A-4C8A-A7B5-0A74A37389F9}.Debug|Any CPU.ActiveCfg = Debug|Any CPU
		{ADE9B469-AD9A-4C8A-A7B5-0A74A37389F9}.Debug|Any CPU.Build.0 = Debug|Any CPU
		{ADE9B469-AD9A-4C8A-A7B5-0A74A37389F9}.Release|Any CPU.ActiveCfg = Release|Any CPU
		{ADE9B469-AD9A-4C8A-A7B5-0A74A37389F9}.Release|Any CPU.Build.0 = Release|Any CPU
		{7A29CBF1-3E8C-4406-AB35-0FB897C15742}.Debug|Any CPU.ActiveCfg = Debug|Any CPU
		{7A29CBF1-3E8C-4406-AB35-0FB897C15742}.Debug|Any CPU.Build.0 = Debug|Any CPU
		{7A29CBF1-3E8C-4406-AB35-0FB897C15742}.Release|Any CPU.ActiveCfg = Release|Any CPU
		{7A29CBF1-3E8C-4406-AB35-0FB897C15742}.Release|Any CPU.Build.0 = Release|Any CPU
		{DF23C0FD-935F-45D6-96A4-0278DDFDBAC4}.Debug|Any CPU.ActiveCfg = Debug|Any CPU
		{DF23C0FD-935F-45D6-96A4-0278DDFDBAC4}.Debug|Any CPU.Build.0 = Debug|Any CPU
		{DF23C0FD-935F-45D6-96A4-0278DDFDBAC4}.Release|Any CPU.ActiveCfg = Release|Any CPU
		{DF23C0FD-935F-45D6-96A4-0278DDFDBAC4}.Release|Any CPU.Build.0 = Release|Any CPU
	EndGlobalSection
	GlobalSection(SolutionProperties) = preSolution
		HideSolutionNode = FALSE
	EndGlobalSection
	GlobalSection(ExtensibilityGlobals) = postSolution
		SolutionGuid = {867C49AB-4DD7-4634-87CC-16BAD903C8FC}
	EndGlobalSection
EndGlobal
